{
  "name": "Radar Cycler",
  "lockfileVersion": 3,
  "requires": true,
  "packages": {
    "": {
      "dependencies": {
        "nexrad-level-3-data": "^0.6.1"
      }
    },
    "node_modules/commander": {
      "version": "6.2.1",
      "license": "MIT",
      "engines": {
        "node": ">= 6"
      }
    },
    "node_modules/nexrad-level-3-data": {
      "version": "0.6.1",
      "resolved": "https://registry.npmjs.org/nexrad-level-3-data/-/nexrad-level-3-data-0.6.1.tgz",
      "integrity": "sha512-AcqmnTWszD0P4ILJ+N1DJK6TRpJE+8SwXlq/ZqpJxCJnZgc0VdOwDR84hZ/QGUbbfV/mZVladoWEyd4sNBATmQ==",
      "license": "MIT",
      "dependencies": {
        "seek-bzip": "^2.0.0"
      },
      "engines": {
        "node": ">=13.0.0"
      }
    },
    "node_modules/seek-bzip": {
      "version": "2.0.0",
      "license": "MIT",
      "dependencies": {
        "commander": "^6.0.0"
      },
      "bin": {
        "seek-bunzip": "bin/seek-bunzip",
        "seek-table": "bin/seek-bzip-table"
      }
    }
  }
}
